{
    "version": 3,
    "terraform_version": "0.11.9",
    "serial": 3,
    "lineage": "20df33fc-8d0d-2fc9-df74-923d927ff62d",
    "modules": [
        {
            "path": [
                "root"
            ],
            "outputs": {},
            "resources": {
                "aws_instance.linux_vm": {
                    "type": "aws_instance",
                    "depends_on": [
                        "aws_security_group.sec-grp"
                    ],
                    "primary": {
                        "id": "i-0ce4ee47197a1b02d",
                        "attributes": {
                            "ami": "ami-0cc293023f983ed53",
                            "arn": "arn:aws:ec2:eu-central-1:385711187599:instance/i-0ce4ee47197a1b02d",
                            "associate_public_ip_address": "true",
                            "availability_zone": "eu-central-1b",
                            "cpu_core_count": "1",
                            "cpu_threads_per_core": "1",
                            "credit_specification.#": "1",
                            "credit_specification.0.cpu_credits": "standard",
                            "disable_api_termination": "false",
                            "ebs_block_device.#": "0",
                            "ebs_optimized": "false",
                            "ephemeral_block_device.#": "0",
                            "get_password_data": "false",
                            "iam_instance_profile": "",
                            "id": "i-0ce4ee47197a1b02d",
                            "instance_state": "running",
                            "instance_type": "t2.micro",
                            "ipv6_address_count": "0",
                            "ipv6_addresses.#": "0",
                            "key_name": "DevOps-key",
                            "monitoring": "false",
                            "network_interface.#": "0",
                            "password_data": "",
                            "placement_group": "",
                            "primary_network_interface_id": "eni-0b1d255248cac6d89",
                            "private_dns": "ip-172-31-40-185.eu-central-1.compute.internal",
                            "private_ip": "172.31.40.185",
                            "public_dns": "ec2-3-122-251-44.eu-central-1.compute.amazonaws.com",
                            "public_ip": "3.122.251.44",
                            "root_block_device.#": "1",
                            "root_block_device.0.delete_on_termination": "false",
                            "root_block_device.0.iops": "100",
                            "root_block_device.0.volume_id": "vol-04a74a1c1872ba3e9",
                            "root_block_device.0.volume_size": "8",
                            "root_block_device.0.volume_type": "gp2",
                            "security_groups.#": "1",
                            "security_groups.2492155570": "sec-grp",
                            "source_dest_check": "false",
                            "subnet_id": "subnet-acbfe9d1",
                            "tags.%": "1",
                            "tags.Name": "linux_vm",
                            "tenancy": "default",
                            "user_data": "f3160fc2490fc9cd11ffcd38d042a3b4fd903c2c",
                            "volume_tags.%": "0",
                            "vpc_security_group_ids.#": "1",
                            "vpc_security_group_ids.3011877132": "sg-0199d27b3136f1fc4"
                        },
                        "meta": {
                            "e2bfb730-ecaa-11e6-8f88-34363bc7c4c0": {
                                "create": 600000000000,
                                "delete": 1200000000000,
                                "update": 600000000000
                            },
                            "schema_version": "1"
                        },
                        "tainted": false
                    },
                    "deposed": [],
                    "provider": "provider.aws"
                },
                "aws_instance.linux_vm2": {
                    "type": "aws_instance",
                    "depends_on": [
                        "aws_security_group.sec-grp"
                    ],
                    "primary": {
                        "id": "i-0ffd6282fcf646676",
                        "attributes": {
                            "ami": "ami-0cc293023f983ed53",
                            "arn": "arn:aws:ec2:eu-central-1:385711187599:instance/i-0ffd6282fcf646676",
                            "associate_public_ip_address": "true",
                            "availability_zone": "eu-central-1c",
                            "cpu_core_count": "1",
                            "cpu_threads_per_core": "1",
                            "credit_specification.#": "1",
                            "credit_specification.0.cpu_credits": "standard",
                            "disable_api_termination": "false",
                            "ebs_block_device.#": "0",
                            "ebs_optimized": "false",
                            "ephemeral_block_device.#": "0",
                            "get_password_data": "false",
                            "iam_instance_profile": "",
                            "id": "i-0ffd6282fcf646676",
                            "instance_state": "running",
                            "instance_type": "t2.micro",
                            "ipv6_address_count": "0",
                            "ipv6_addresses.#": "0",
                            "key_name": "DevOps-key",
                            "monitoring": "false",
                            "network_interface.#": "0",
                            "password_data": "",
                            "placement_group": "",
                            "primary_network_interface_id": "eni-0497b44f4138de8b1",
                            "private_dns": "ip-172-31-9-152.eu-central-1.compute.internal",
                            "private_ip": "172.31.9.152",
                            "public_dns": "ec2-35-159-28-13.eu-central-1.compute.amazonaws.com",
                            "public_ip": "35.159.28.13",
                            "root_block_device.#": "1",
                            "root_block_device.0.delete_on_termination": "false",
                            "root_block_device.0.iops": "100",
                            "root_block_device.0.volume_id": "vol-0cf44eb69b83880dc",
                            "root_block_device.0.volume_size": "8",
                            "root_block_device.0.volume_type": "gp2",
                            "security_groups.#": "1",
                            "security_groups.2492155570": "sec-grp",
                            "source_dest_check": "false",
                            "subnet_id": "subnet-1de7c250",
                            "tags.%": "1",
                            "tags.Name": "linux_vm2",
                            "tenancy": "default",
                            "user_data": "bde9c21169f9f5e117a0a4178c3d9f00b869370e",
                            "volume_tags.%": "0",
                            "vpc_security_group_ids.#": "1",
                            "vpc_security_group_ids.3011877132": "sg-0199d27b3136f1fc4"
                        },
                        "meta": {
                            "e2bfb730-ecaa-11e6-8f88-34363bc7c4c0": {
                                "create": 600000000000,
                                "delete": 1200000000000,
                                "update": 600000000000
                            },
                            "schema_version": "1"
                        },
                        "tainted": false
                    },
                    "deposed": [],
                    "provider": "provider.aws"
                },
                "aws_lb.http_elb": {
                    "type": "aws_lb",
                    "depends_on": [
                        "aws_security_group.sec-grp"
                    ],
                    "primary": {
                        "id": "arn:aws:elasticloadbalancing:eu-central-1:385711187599:loadbalancer/app/http-elb/8b09b11f405d4be4",
                        "attributes": {
                            "access_logs.#": "1",
                            "access_logs.0.bucket": "",
                            "access_logs.0.enabled": "false",
                            "access_logs.0.prefix": "",
                            "arn": "arn:aws:elasticloadbalancing:eu-central-1:385711187599:loadbalancer/app/http-elb/8b09b11f405d4be4",
                            "arn_suffix": "app/http-elb/8b09b11f405d4be4",
                            "dns_name": "http-elb-797867241.eu-central-1.elb.amazonaws.com",
                            "enable_deletion_protection": "false",
                            "enable_http2": "true",
                            "id": "arn:aws:elasticloadbalancing:eu-central-1:385711187599:loadbalancer/app/http-elb/8b09b11f405d4be4",
                            "idle_timeout": "60",
                            "internal": "false",
                            "ip_address_type": "ipv4",
                            "load_balancer_type": "application",
                            "name": "http-elb",
                            "security_groups.#": "1",
                            "security_groups.3011877132": "sg-0199d27b3136f1fc4",
                            "subnet_mapping.#": "2",
                            "subnet_mapping.1666341175.allocation_id": "",
                            "subnet_mapping.1666341175.subnet_id": "subnet-1de7c250",
                            "subnet_mapping.898954211.allocation_id": "",
                            "subnet_mapping.898954211.subnet_id": "subnet-acbfe9d1",
                            "subnets.#": "2",
                            "subnets.1532993046": "subnet-1de7c250",
                            "subnets.774990115": "subnet-acbfe9d1",
                            "tags.%": "1",
                            "tags.Name": "http-elb",
                            "vpc_id": "vpc-c09fafab",
                            "zone_id": "Z215JYRZR1TBD5"
                        },
                        "meta": {
                            "e2bfb730-ecaa-11e6-8f88-34363bc7c4c0": {
                                "create": 600000000000,
                                "delete": 600000000000,
                                "update": 600000000000
                            }
                        },
                        "tainted": false
                    },
                    "deposed": [],
                    "provider": "provider.aws"
                },
                "aws_lb_listener.elb_listener": {
                    "type": "aws_lb_listener",
                    "depends_on": [
                        "aws_lb.http_elb",
                        "aws_lb_target_group.target-grp"
                    ],
                    "primary": {
                        "id": "arn:aws:elasticloadbalancing:eu-central-1:385711187599:listener/app/http-elb/8b09b11f405d4be4/fd608c06a516b1e9",
                        "attributes": {
                            "arn": "arn:aws:elasticloadbalancing:eu-central-1:385711187599:listener/app/http-elb/8b09b11f405d4be4/fd608c06a516b1e9",
                            "default_action.#": "1",
                            "default_action.0.authenticate_cognito.#": "0",
                            "default_action.0.authenticate_oidc.#": "0",
                            "default_action.0.fixed_response.#": "0",
                            "default_action.0.order": "1",
                            "default_action.0.redirect.#": "0",
                            "default_action.0.target_group_arn": "arn:aws:elasticloadbalancing:eu-central-1:385711187599:targetgroup/target-grp/c850eb169ff931a7",
                            "default_action.0.type": "forward",
                            "id": "arn:aws:elasticloadbalancing:eu-central-1:385711187599:listener/app/http-elb/8b09b11f405d4be4/fd608c06a516b1e9",
                            "load_balancer_arn": "arn:aws:elasticloadbalancing:eu-central-1:385711187599:loadbalancer/app/http-elb/8b09b11f405d4be4",
                            "port": "80",
                            "protocol": "HTTP",
                            "ssl_policy": ""
                        },
                        "meta": {
                            "e2bfb730-ecaa-11e6-8f88-34363bc7c4c0": {
                                "read": 600000000000
                            }
                        },
                        "tainted": false
                    },
                    "deposed": [],
                    "provider": "provider.aws"
                },
                "aws_lb_target_group.target-grp": {
                    "type": "aws_lb_target_group",
                    "depends_on": [],
                    "primary": {
                        "id": "arn:aws:elasticloadbalancing:eu-central-1:385711187599:targetgroup/target-grp/c850eb169ff931a7",
                        "attributes": {
                            "arn": "arn:aws:elasticloadbalancing:eu-central-1:385711187599:targetgroup/target-grp/c850eb169ff931a7",
                            "arn_suffix": "targetgroup/target-grp/c850eb169ff931a7",
                            "deregistration_delay": "300",
                            "health_check.#": "1",
                            "health_check.0.enabled": "true",
                            "health_check.0.healthy_threshold": "2",
                            "health_check.0.interval": "5",
                            "health_check.0.matcher": "200-308",
                            "health_check.0.path": "/healthcheck",
                            "health_check.0.port": "80",
                            "health_check.0.protocol": "HTTP",
                            "health_check.0.timeout": "4",
                            "health_check.0.unhealthy_threshold": "2",
                            "id": "arn:aws:elasticloadbalancing:eu-central-1:385711187599:targetgroup/target-grp/c850eb169ff931a7",
                            "lambda_multi_value_headers_enabled": "false",
                            "name": "target-grp",
                            "port": "80",
                            "protocol": "HTTP",
                            "proxy_protocol_v2": "false",
                            "slow_start": "0",
                            "stickiness.#": "1",
                            "stickiness.0.cookie_duration": "86400",
                            "stickiness.0.enabled": "false",
                            "stickiness.0.type": "lb_cookie",
                            "tags.%": "0",
                            "target_type": "instance",
                            "vpc_id": "vpc-c09fafab"
                        },
                        "meta": {},
                        "tainted": false
                    },
                    "deposed": [],
                    "provider": "provider.aws"
                },
                "aws_lb_target_group_attachment.target1": {
                    "type": "aws_lb_target_group_attachment",
                    "depends_on": [
                        "aws_instance.linux_vm",
                        "aws_lb_target_group.target-grp"
                    ],
                    "primary": {
                        "id": "arn:aws:elasticloadbalancing:eu-central-1:385711187599:targetgroup/target-grp/c850eb169ff931a7-20190721040826861700000001",
                        "attributes": {
                            "id": "arn:aws:elasticloadbalancing:eu-central-1:385711187599:targetgroup/target-grp/c850eb169ff931a7-20190721040826861700000001",
                            "port": "80",
                            "target_group_arn": "arn:aws:elasticloadbalancing:eu-central-1:385711187599:targetgroup/target-grp/c850eb169ff931a7",
                            "target_id": "i-0ce4ee47197a1b02d"
                        },
                        "meta": {},
                        "tainted": false
                    },
                    "deposed": [],
                    "provider": "provider.aws"
                },
                "aws_lb_target_group_attachment.target2": {
                    "type": "aws_lb_target_group_attachment",
                    "depends_on": [
                        "aws_instance.linux_vm2",
                        "aws_lb_target_group.target-grp"
                    ],
                    "primary": {
                        "id": "arn:aws:elasticloadbalancing:eu-central-1:385711187599:targetgroup/target-grp/c850eb169ff931a7-20190721041442114300000001",
                        "attributes": {
                            "id": "arn:aws:elasticloadbalancing:eu-central-1:385711187599:targetgroup/target-grp/c850eb169ff931a7-20190721041442114300000001",
                            "port": "80",
                            "target_group_arn": "arn:aws:elasticloadbalancing:eu-central-1:385711187599:targetgroup/target-grp/c850eb169ff931a7",
                            "target_id": "i-0ffd6282fcf646676"
                        },
                        "meta": {},
                        "tainted": false
                    },
                    "deposed": [],
                    "provider": "provider.aws"
                },
                "aws_security_group.sec-grp": {
                    "type": "aws_security_group",
                    "depends_on": [],
                    "primary": {
                        "id": "sg-0199d27b3136f1fc4",
                        "attributes": {
                            "arn": "arn:aws:ec2:eu-central-1:385711187599:security-group/sg-0199d27b3136f1fc4",
                            "description": "Managed by Terraform",
                            "egress.#": "1",
                            "egress.482069346.cidr_blocks.#": "1",
                            "egress.482069346.cidr_blocks.0": "0.0.0.0/0",
                            "egress.482069346.description": "",
                            "egress.482069346.from_port": "0",
                            "egress.482069346.ipv6_cidr_blocks.#": "0",
                            "egress.482069346.prefix_list_ids.#": "0",
                            "egress.482069346.protocol": "-1",
                            "egress.482069346.security_groups.#": "0",
                            "egress.482069346.self": "false",
                            "egress.482069346.to_port": "0",
                            "id": "sg-0199d27b3136f1fc4",
                            "ingress.#": "1",
                            "ingress.482069346.cidr_blocks.#": "1",
                            "ingress.482069346.cidr_blocks.0": "0.0.0.0/0",
                            "ingress.482069346.description": "",
                            "ingress.482069346.from_port": "0",
                            "ingress.482069346.ipv6_cidr_blocks.#": "0",
                            "ingress.482069346.prefix_list_ids.#": "0",
                            "ingress.482069346.protocol": "-1",
                            "ingress.482069346.security_groups.#": "0",
                            "ingress.482069346.self": "false",
                            "ingress.482069346.to_port": "0",
                            "name": "sec-grp",
                            "owner_id": "385711187599",
                            "revoke_rules_on_delete": "false",
                            "tags.%": "1",
                            "tags.Name": "sec-grp",
                            "vpc_id": "vpc-c09fafab"
                        },
                        "meta": {
                            "e2bfb730-ecaa-11e6-8f88-34363bc7c4c0": {
                                "create": 600000000000,
                                "delete": 600000000000
                            },
                            "schema_version": "1"
                        },
                        "tainted": false
                    },
                    "deposed": [],
                    "provider": "provider.aws"
                },
                "aws_security_group_rule.allow-egress": {
                    "type": "aws_security_group_rule",
                    "depends_on": [
                        "aws_security_group.sec-grp"
                    ],
                    "primary": {
                        "id": "sgrule-2927102266",
                        "attributes": {
                            "cidr_blocks.#": "1",
                            "cidr_blocks.0": "0.0.0.0/0",
                            "description": "",
                            "from_port": "0",
                            "id": "sgrule-2927102266",
                            "ipv6_cidr_blocks.#": "0",
                            "prefix_list_ids.#": "0",
                            "protocol": "-1",
                            "security_group_id": "sg-0199d27b3136f1fc4",
                            "self": "false",
                            "to_port": "0",
                            "type": "egress"
                        },
                        "meta": {
                            "schema_version": "2"
                        },
                        "tainted": false
                    },
                    "deposed": [],
                    "provider": "provider.aws"
                },
                "aws_security_group_rule.allow-ingress": {
                    "type": "aws_security_group_rule",
                    "depends_on": [
                        "aws_security_group.sec-grp"
                    ],
                    "primary": {
                        "id": "sgrule-1151369967",
                        "attributes": {
                            "cidr_blocks.#": "1",
                            "cidr_blocks.0": "0.0.0.0/0",
                            "description": "",
                            "from_port": "0",
                            "id": "sgrule-1151369967",
                            "ipv6_cidr_blocks.#": "0",
                            "prefix_list_ids.#": "0",
                            "protocol": "-1",
                            "security_group_id": "sg-0199d27b3136f1fc4",
                            "self": "false",
                            "to_port": "0",
                            "type": "ingress"
                        },
                        "meta": {
                            "schema_version": "2"
                        },
                        "tainted": false
                    },
                    "deposed": [],
                    "provider": "provider.aws"
                }
            },
            "depends_on": []
        }
    ]
}
